{
  "name": "hyper-github-dark-dimmed",
  "version": "1.0.0",
  "lockfileVersion": 2,
  "requires": true,
  "packages": {
    "": {
      "version": "1.0.0",
      "license": "MIT",
      "dependencies": {
        "github-vscode-themes": "^4.1.1"
      }
    },
    "node_modules/github-vscode-themes": {
      "version": "4.1.1",
      "resolved": "https://registry.npmjs.org/github-vscode-themes/-/github-vscode-themes-4.1.1.tgz",
      "integrity": "sha512-rmlnvO3wkGk16QfJy8Peh6MN8EpVp1cnsene2qHLw68BOWvbqSb44kLgXB9zlKRnCFwx5CfAFhey+7nf1zevsA=="
    }
  },
  "dependencies": {
    "github-vscode-themes": {
      "version": "4.1.1",
      "resolved": "https://registry.npmjs.org/github-vscode-themes/-/github-vscode-themes-4.1.1.tgz",
      "integrity": "sha512-rmlnvO3wkGk16QfJy8Peh6MN8EpVp1cnsene2qHLw68BOWvbqSb44kLgXB9zlKRnCFwx5CfAFhey+7nf1zevsA=="
    }
  }
}
