{
  "name": "hyper-github-dark-dimmed",
  "version": "0.2.2",
  "lockfileVersion": 2,
  "requires": true,
  "packages": {
    "": {
      "version": "0.2.2",
      "license": "MIT",
      "dependencies": {
        "@primer/primitives": "^4.3.10"
      }
    },
    "node_modules/@primer/primitives": {
      "version": "4.3.10",
      "resolved": "https://registry.npmjs.org/@primer/primitives/-/primitives-4.3.10.tgz",
      "integrity": "sha512-sSC79GWhkNDz5BL8gR4eC8nmvAHT83MRKPbURmI7mO3z9EjAbhn2Qt+9XbeH/GFG68dwRTUhB3KeXzso6DF7Lw=="
    }
  },
  "dependencies": {
    "@primer/primitives": {
      "version": "4.3.10",
      "resolved": "https://registry.npmjs.org/@primer/primitives/-/primitives-4.3.10.tgz",
      "integrity": "sha512-sSC79GWhkNDz5BL8gR4eC8nmvAHT83MRKPbURmI7mO3z9EjAbhn2Qt+9XbeH/GFG68dwRTUhB3KeXzso6DF7Lw=="
    }
  }
}
